
Microsoft Visual Studio Solution File, Format Version 11.00
# Visual Studio 2010
Project("{FAE04EC0-301F-11D3-BF4B-00C04F79EFBC}") = "MonitorSystem", "MonitorSystem\MonitorSystem.csproj", "{5CF1D735-70BA-41C6-88DF-A23361DB575D}"
	ProjectSection(ProjectDependencies) = postProject
		{EB1500E1-CFEA-4238-AB94-A3F6C880F451} = {EB1500E1-CFEA-4238-AB94-A3F6C880F451}
	EndProjectSection
EndProject
Project("{FAE04EC0-301F-11D3-BF4B-00C04F79EFBC}") = "MonitorSystem.Web", "MonitorSystem.Web\MonitorSystem.Web.csproj", "{EB1500E1-CFEA-4238-AB94-A3F6C880F451}"
EndProject
Global
	GlobalSection(SolutionConfigurationPlatforms) = preSolution
		Debug|Any CPU = Debug|Any CPU
		Release|Any CPU = Release|Any CPU
	EndGlobalSection
	GlobalSection(ProjectConfigurationPlatforms) = postSolution
		{5CF1D735-70BA-41C6-88DF-A23361DB575D}.Debug|Any CPU.ActiveCfg = Debug|Any CPU
		{5CF1D735-70BA-41C6-88DF-A23361DB575D}.Debug|Any CPU.Build.0 = Debug|Any CPU
		{5CF1D735-70BA-41C6-88DF-A23361DB575D}.Release|Any CPU.ActiveCfg = Release|Any CPU
		{5CF1D735-70BA-41C6-88DF-A23361DB575D}.Release|Any CPU.Build.0 = Release|Any CPU
		{EB1500E1-CFEA-4238-AB94-A3F6C880F451}.Debug|Any CPU.ActiveCfg = Debug|Any CPU
		{EB1500E1-CFEA-4238-AB94-A3F6C880F451}.Debug|Any CPU.Build.0 = Debug|Any CPU
		{EB1500E1-CFEA-4238-AB94-A3F6C880F451}.Release|Any CPU.ActiveCfg = Release|Any CPU
		{EB1500E1-CFEA-4238-AB94-A3F6C880F451}.Release|Any CPU.Build.0 = Release|Any CPU
	EndGlobalSection
	GlobalSection(SolutionProperties) = preSolution
		HideSolutionNode = FALSE
	EndGlobalSection
EndGlobal
